<Solution>
    <Project Path="src/Respira.Clinical/Domain/Respira.Domain.csproj" />
    <Project Path="src/Respira.AppHost/Respira.AppHost.csproj" />
    <Project Path="src/Respira.Gateway/Respira.Gateway.csproj" />
    <Project Path="src/Respira.ServiceDefaults/Respira.ServiceDefaults.csproj" />
    <Project Path="test/Respira.Clinical.Test/Domain.Test/Respira.Domain.Test.csproj" />
    <Target Name="Husky" AfterTargets="Restore" Condition="'$(HUSKY)' != 0" Inputs="./.config/dotnet-tools.json" Outputs="./.husky/_/install.stamp">
        <Exec Command="dotnet tool restore" StandardOutputImportance="Low" StandardErrorImportance="High" />
        <Exec Command="dotnet husky install" StandardOutputImportance="Low" StandardErrorImportance="High" WorkingDirectory="." />
        <Touch Files="./.husky/_/install.stamp" AlwaysCreate="true" Condition="Exists('./.husky/_')" />
        <ItemGroup>
            <FileWrites Include="./.husky/_/install.stamp" />
        </ItemGroup>
    </Target>
</Solution>
